
Microsoft Visual Studio Solution File, Format Version 12.00
# Visual Studio Version 17
VisualStudioVersion = 17.7.34003.232
MinimumVisualStudioVersion = 10.0.40219.1
Project("{9A19103F-16F7-4668-BE54-9A1E7A4F7556}") = "BrainWave.EntityLayer", "BookReviewIdentity.EntityLayer\BrainWave.EntityLayer.csproj", "{07405AD7-277F-4B4E-A64C-3F8F7397C6F1}"
EndProject
Project("{9A19103F-16F7-4668-BE54-9A1E7A4F7556}") = "BrainWave.DtoLayer", "BookReviewIdentity.DtoLayer\BrainWave.DtoLayer.csproj", "{8D0B16AE-4AC8-427C-81E0-B09DC21A2FD7}"
EndProject
Project("{9A19103F-16F7-4668-BE54-9A1E7A4F7556}") = "BrainWave.DataAccessLayer", "BookReviewIdentity.DataAccessLayer\BrainWave.DataAccessLayer.csproj", "{1F7206C7-1753-4056-9501-34F57C4CE578}"
EndProject
Project("{9A19103F-16F7-4668-BE54-9A1E7A4F7556}") = "BrainWave.BusinessLayer", "BookReviewIdentity.BusinessLayer\BrainWave.BusinessLayer.csproj", "{3804F556-B021-4DB6-82AE-2F882263FF25}"
EndProject
Project("{9A19103F-16F7-4668-BE54-9A1E7A4F7556}") = "BrainWave.PresentationLayer", "BookReviewIdentity.PresentationLayer\BrainWave.PresentationLayer.csproj", "{9013DC35-06FD-4082-941A-788BE8AA5860}"
EndProject
Global
	GlobalSection(SolutionConfigurationPlatforms) = preSolution
		Debug|Any CPU = Debug|Any CPU
		Release|Any CPU = Release|Any CPU
	EndGlobalSection
	GlobalSection(ProjectConfigurationPlatforms) = postSolution
		{07405AD7-277F-4B4E-A64C-3F8F7397C6F1}.Debug|Any CPU.ActiveCfg = Debug|Any CPU
		{07405AD7-277F-4B4E-A64C-3F8F7397C6F1}.Debug|Any CPU.Build.0 = Debug|Any CPU
		{07405AD7-277F-4B4E-A64C-3F8F7397C6F1}.Release|Any CPU.ActiveCfg = Release|Any CPU
		{07405AD7-277F-4B4E-A64C-3F8F7397C6F1}.Release|Any CPU.Build.0 = Release|Any CPU
		{8D0B16AE-4AC8-427C-81E0-B09DC21A2FD7}.Debug|Any CPU.ActiveCfg = Debug|Any CPU
		{8D0B16AE-4AC8-427C-81E0-B09DC21A2FD7}.Debug|Any CPU.Build.0 = Debug|Any CPU
		{8D0B16AE-4AC8-427C-81E0-B09DC21A2FD7}.Release|Any CPU.ActiveCfg = Release|Any CPU
		{8D0B16AE-4AC8-427C-81E0-B09DC21A2FD7}.Release|Any CPU.Build.0 = Release|Any CPU
		{1F7206C7-1753-4056-9501-34F57C4CE578}.Debug|Any CPU.ActiveCfg = Debug|Any CPU
		{1F7206C7-1753-4056-9501-34F57C4CE578}.Debug|Any CPU.Build.0 = Debug|Any CPU
		{1F7206C7-1753-4056-9501-34F57C4CE578}.Release|Any CPU.ActiveCfg = Release|Any CPU
		{1F7206C7-1753-4056-9501-34F57C4CE578}.Release|Any CPU.Build.0 = Release|Any CPU
		{3804F556-B021-4DB6-82AE-2F882263FF25}.Debug|Any CPU.ActiveCfg = Debug|Any CPU
		{3804F556-B021-4DB6-82AE-2F882263FF25}.Debug|Any CPU.Build.0 = Debug|Any CPU
		{3804F556-B021-4DB6-82AE-2F882263FF25}.Release|Any CPU.ActiveCfg = Release|Any CPU
		{3804F556-B021-4DB6-82AE-2F882263FF25}.Release|Any CPU.Build.0 = Release|Any CPU
		{9013DC35-06FD-4082-941A-788BE8AA5860}.Debug|Any CPU.ActiveCfg = Debug|Any CPU
		{9013DC35-06FD-4082-941A-788BE8AA5860}.Debug|Any CPU.Build.0 = Debug|Any CPU
		{9013DC35-06FD-4082-941A-788BE8AA5860}.Release|Any CPU.ActiveCfg = Release|Any CPU
		{9013DC35-06FD-4082-941A-788BE8AA5860}.Release|Any CPU.Build.0 = Release|Any CPU
	EndGlobalSection
	GlobalSection(SolutionProperties) = preSolution
		HideSolutionNode = FALSE
	EndGlobalSection
	GlobalSection(ExtensibilityGlobals) = postSolution
		SolutionGuid = {1DD7A0FB-4338-4497-8FB1-84EA81B389A2}
	EndGlobalSection
EndGlobal
